// !$*UTF8*$!
{
	archiveVersion = 1;
	classes = {
	};
	objectVersion = 55;
	objects = {

/* Begin PBXBuildFile section */
		B3EFFAD828AF7515000BFEF2 /* TryCountriesApp.swift in Sources */ = {isa = PBXBuildFile; fileRef = B3EFFAD728AF7515000BFEF2 /* TryCountriesApp.swift */; };
		B3EFFADA28AF7515000BFEF2 /* ContentView.swift in Sources */ = {isa = PBXBuildFile; fileRef = B3EFFAD928AF7515000BFEF2 /* ContentView.swift */; };
		B3EFFADC28AF7518000BFEF2 /* Assets.xcassets in Resources */ = {isa = PBXBuildFile; fileRef = B3EFFADB28AF7518000BFEF2 /* Assets.xcassets */; };
		B3EFFADF28AF7518000BFEF2 /* Preview Assets.xcassets in Resources */ = {isa = PBXBuildFile; fileRef = B3EFFADE28AF7518000BFEF2 /* Preview Assets.xcassets */; };
		B3EFFAE828AF7C71000BFEF2 /* HomePage.swift in Sources */ = {isa = PBXBuildFile; fileRef = B3EFFAE728AF7C71000BFEF2 /* HomePage.swift */; };
		B3EFFAEA28AF7C82000BFEF2 /* DetailCard.swift in Sources */ = {isa = PBXBuildFile; fileRef = B3EFFAE928AF7C82000BFEF2 /* DetailCard.swift */; };
		B3EFFAEC28AF7C8C000BFEF2 /* Saved.swift in Sources */ = {isa = PBXBuildFile; fileRef = B3EFFAEB28AF7C8C000BFEF2 /* Saved.swift */; };
/* End PBXBuildFile section */

/* Begin PBXFileReference section */
		B3EFFAD428AF7515000BFEF2 /* TryCountries.app */ = {isa = PBXFileReference; explicitFileType = wrapper.application; includeInIndex = 0; path = TryCountries.app; sourceTree = BUILT_PRODUCTS_DIR; };
		B3EFFAD728AF7515000BFEF2 /* TryCountriesApp.swift */ = {isa = PBXFileReference; lastKnownFileType = sourcecode.swift; path = TryCountriesApp.swift; sourceTree = "<group>"; };
		B3EFFAD928AF7515000BFEF2 /* ContentView.swift */ = {isa = PBXFileReference; lastKnownFileType = sourcecode.swift; path = ContentView.swift; sourceTree = "<group>"; };
		B3EFFADB28AF7518000BFEF2 /* Assets.xcassets */ = {isa = PBXFileReference; lastKnownFileType = folder.assetcatalog; path = Assets.xcassets; sourceTree = "<group>"; };
		B3EFFADE28AF7518000BFEF2 /* Preview Assets.xcassets */ = {isa = PBXFileReference; lastKnownFileType = folder.assetcatalog; path = "Preview Assets.xcassets"; sourceTree = "<group>"; };
		B3EFFAE728AF7C71000BFEF2 /* HomePage.swift */ = {isa = PBXFileReference; lastKnownFileType = sourcecode.swift; path = HomePage.swift; sourceTree = "<group>"; };
		B3EFFAE928AF7C82000BFEF2 /* DetailCard.swift */ = {isa = PBXFileReference; lastKnownFileType = sourcecode.swift; path = DetailCard.swift; sourceTree = "<group>"; };
		B3EFFAEB28AF7C8C000BFEF2 /* Saved.swift */ = {isa = PBXFileReference; lastKnownFileType = sourcecode.swift; path = Saved.swift; sourceTree = "<group>"; };
/* End PBXFileReference section */

/* Begin PBXFrameworksBuildPhase section */
		B3EFFAD128AF7515000BFEF2 /* Frameworks */ = {
			isa = PBXFrameworksBuildPhase;
			buildActionMask = 2147483647;
			files = (
			);
			runOnlyForDeploymentPostprocessing = 0;
		};
/* End PBXFrameworksBuildPhase section */

/* Begin PBXGroup section */
		B3EFFACB28AF7515000BFEF2 = {
			isa = PBXGroup;
			children = (
				B3EFFAD628AF7515000BFEF2 /* TryCountries */,
				B3EFFAD528AF7515000BFEF2 /* Products */,
			);
			sourceTree = "<group>";
		};
		B3EFFAD528AF7515000BFEF2 /* Products */ = {
			isa = PBXGroup;
			children = (
				B3EFFAD428AF7515000BFEF2 /* TryCountries.app */,
			);
			name = Products;
			sourceTree = "<group>";
		};
		B3EFFAD628AF7515000BFEF2 /* TryCountries */ = {
			isa = PBXGroup;
			children = (
				B3EFFAED28AFB3D4000BFEF2 /* Base */,
				B3EFFAE528AF7C34000BFEF2 /* Screens */,
				B3EFFAD728AF7515000BFEF2 /* TryCountriesApp.swift */,
				B3EFFADB28AF7518000BFEF2 /* Assets.xcassets */,
				B3EFFADD28AF7518000BFEF2 /* Preview Content */,
			);
			path = TryCountries;
			sourceTree = "<group>";
		};
		B3EFFADD28AF7518000BFEF2 /* Preview Content */ = {
			isa = PBXGroup;
			children = (
				B3EFFADE28AF7518000BFEF2 /* Preview Assets.xcassets */,
			);
			path = "Preview Content";
			sourceTree = "<group>";
		};
		B3EFFAE528AF7C34000BFEF2 /* Screens */ = {
			isa = PBXGroup;
			children = (
				B3EFFAE728AF7C71000BFEF2 /* HomePage.swift */,
				B3EFFAE928AF7C82000BFEF2 /* DetailCard.swift */,
				B3EFFAEB28AF7C8C000BFEF2 /* Saved.swift */,
			);
			path = Screens;
			sourceTree = "<group>";
		};
		B3EFFAED28AFB3D4000BFEF2 /* Base */ = {
			isa = PBXGroup;
			children = (
				B3EFFAD928AF7515000BFEF2 /* ContentView.swift */,
			);
			path = Base;
			sourceTree = "<group>";
		};
/* End PBXGroup section */

/* Begin PBXNativeTarget section */
		B3EFFAD328AF7515000BFEF2 /* TryCountries */ = {
			isa = PBXNativeTarget;
			buildConfigurationList = B3EFFAE228AF7518000BFEF2 /* Build configuration list for PBXNativeTarget "TryCountries" */;
			buildPhases = (
				B3EFFAD028AF7515000BFEF2 /* Sources */,
				B3EFFAD128AF7515000BFEF2 /* Frameworks */,
				B3EFFAD228AF7515000BFEF2 /* Resources */,
			);
			buildRules = (
			);
			dependencies = (
			);
			name = TryCountries;
			productName = TryCountries;
			productReference = B3EFFAD428AF7515000BFEF2 /* TryCountries.app */;
			productType = "com.apple.product-type.application";
		};
/* End PBXNativeTarget section */

/* Begin PBXProject section */
		B3EFFACC28AF7515000BFEF2 /* Project object */ = {
			isa = PBXProject;
			attributes = {
				BuildIndependentTargetsInParallel = 1;
				LastSwiftUpdateCheck = 1320;
				LastUpgradeCheck = 1320;
				TargetAttributes = {
					B3EFFAD328AF7515000BFEF2 = {
						CreatedOnToolsVersion = 13.2.1;
					};
				};
			};
			buildConfigurationList = B3EFFACF28AF7515000BFEF2 /* Build configuration list for PBXProject "TryCountries" */;
			compatibilityVersion = "Xcode 13.0";
			developmentRegion = en;
			hasScannedForEncodings = 0;
			knownRegions = (
				en,
				Base,
			);
			mainGroup = B3EFFACB28AF7515000BFEF2;
			productRefGroup = B3EFFAD528AF7515000BFEF2 /* Products */;
			projectDirPath = "";
			projectRoot = "";
			targets = (
				B3EFFAD328AF7515000BFEF2 /* TryCountries */,
			);
		};
/* End PBXProject section */

/* Begin PBXResourcesBuildPhase section */
		B3EFFAD228AF7515000BFEF2 /* Resources */ = {
			isa = PBXResourcesBuildPhase;
			buildActionMask = 2147483647;
			files = (
				B3EFFADF28AF7518000BFEF2 /* Preview Assets.xcassets in Resources */,
				B3EFFADC28AF7518000BFEF2 /* Assets.xcassets in Resources */,
			);
			runOnlyForDeploymentPostprocessing = 0;
		};
/* End PBXResourcesBuildPhase section */

/* Begin PBXSourcesBuildPhase section */
		B3EFFAD028AF7515000BFEF2 /* Sources */ = {
			isa = PBXSourcesBuildPhase;
			buildActionMask = 2147483647;
			files = (
				B3EFFAEA28AF7C82000BFEF2 /* DetailCard.swift in Sources */,
				B3EFFADA28AF7515000BFEF2 /* ContentView.swift in Sources */,
				B3EFFAE828AF7C71000BFEF2 /* HomePage.swift in Sources */,
				B3EFFAD828AF7515000BFEF2 /* TryCountriesApp.swift in Sources */,
				B3EFFAEC28AF7C8C000BFEF2 /* Saved.swift in Sources */,
			);
			runOnlyForDeploymentPostprocessing = 0;
		};
/* End PBXSourcesBuildPhase section */

/* Begin XCBuildConfiguration section */
		B3EFFAE028AF7518000BFEF2 /* Debug */ = {
			isa = XCBuildConfiguration;
			buildSettings = {
				ALWAYS_SEARCH_USER_PATHS = NO;
				CLANG_ANALYZER_NONNULL = YES;
				CLANG_ANALYZER_NUMBER_OBJECT_CONVERSION = YES_AGGRESSIVE;
				CLANG_CXX_LANGUAGE_STANDARD = "gnu++17";
				CLANG_CXX_LIBRARY = "libc++";
				CLANG_ENABLE_MODULES = YES;
				CLANG_ENABLE_OBJC_ARC = YES;
				CLANG_ENABLE_OBJC_WEAK = YES;
				CLANG_WARN_BLOCK_CAPTURE_AUTORELEASING = YES;
				CLANG_WARN_BOOL_CONVERSION = YES;
				CLANG_WARN_COMMA = YES;
				CLANG_WARN_CONSTANT_CONVERSION = YES;
				CLANG_WARN_DEPRECATED_OBJC_IMPLEMENTATIONS = YES;
				CLANG_WARN_DIRECT_OBJC_ISA_USAGE = YES_ERROR;
				CLANG_WARN_DOCUMENTATION_COMMENTS = YES;
				CLANG_WARN_EMPTY_BODY = YES;
				CLANG_WARN_ENUM_CONVERSION = YES;
				CLANG_WARN_INFINITE_RECURSION = YES;
				CLANG_WARN_INT_CONVERSION = YES;
				CLANG_WARN_NON_LITERAL_NULL_CONVERSION = YES;
				CLANG_WARN_OBJC_IMPLICIT_RETAIN_SELF = YES;
				CLANG_WARN_OBJC_LITERAL_CONVERSION = YES;
				CLANG_WARN_OBJC_ROOT_CLASS = YES_ERROR;
				CLANG_WARN_QUOTED_INCLUDE_IN_FRAMEWORK_HEADER = YES;
				CLANG_WARN_RANGE_LOOP_ANALYSIS = YES;
				CLANG_WARN_STRICT_PROTOTYPES = YES;
				CLANG_WARN_SUSPICIOUS_MOVE = YES;
				CLANG_WARN_UNGUARDED_AVAILABILITY = YES_AGGRESSIVE;
				CLANG_WARN_UNREACHABLE_CODE = YES;
				CLANG_WARN__DUPLICATE_METHOD_MATCH = YES;
				COPY_PHASE_STRIP = NO;
				DEBUG_INFORMATION_FORMAT = dwarf;
				ENABLE_STRICT_OBJC_MSGSEND = YES;
				ENABLE_TESTABILITY = YES;
				GCC_C_LANGUAGE_STANDARD = gnu11;
				GCC_DYNAMIC_NO_PIC = NO;
				GCC_NO_COMMON_BLOCKS = YES;
				GCC_OPTIMIZATION_LEVEL = 0;
				GCC_PREPROCESSOR_DEFINITIONS = (
					"DEBUG=1",
					"$(inherited)",
				);
				GCC_WARN_64_TO_32_BIT_CONVERSION = YES;
				GCC_WARN_ABOUT_RETURN_TYPE = YES_ERROR;
				GCC_WARN_UNDECLARED_SELECTOR = YES;
				GCC_WARN_UNINITIALIZED_AUTOS = YES_AGGRESSIVE;
				GCC_WARN_UNUSED_FUNCTION = YES;
				GCC_WARN_UNUSED_VARIABLE = YES;
				IPHONEOS_DEPLOYMENT_TARGET = 15.2;
				MTL_ENABLE_DEBUG_INFO = INCLUDE_SOURCE;
				MTL_FAST_MATH = YES;
				ONLY_ACTIVE_ARCH = YES;
				SDKROOT = iphoneos;
				SWIFT_ACTIVE_COMPILATION_CONDITIONS = DEBUG;
				SWIFT_OPTIMIZATION_LEVEL = "-Onone";
			};
			name = Debug;
		};
		B3EFFAE128AF7518000BFEF2 /* Release */ = {
			isa = XCBuildConfiguration;
			buildSettings = {
				ALWAYS_SEARCH_USER_PATHS = NO;
				CLANG_ANALYZER_NONNULL = YES;
				CLANG_ANALYZER_NUMBER_OBJECT_CONVERSION = YES_AGGRESSIVE;
				CLANG_CXX_LANGUAGE_STANDARD = "gnu++17";
				CLANG_CXX_LIBRARY = "libc++";
				CLANG_ENABLE_MODULES = YES;
				CLANG_ENABLE_OBJC_ARC = YES;
				CLANG_ENABLE_OBJC_WEAK = YES;
				CLANG_WARN_BLOCK_CAPTURE_AUTORELEASING = YES;
				CLANG_WARN_BOOL_CONVERSION = YES;
				CLANG_WARN_COMMA = YES;
				CLANG_WARN_CONSTANT_CONVERSION = YES;
				CLANG_WARN_DEPRECATED_OBJC_IMPLEMENTATIONS = YES;
				CLANG_WARN_DIRECT_OBJC_ISA_USAGE = YES_ERROR;
				CLANG_WARN_DOCUMENTATION_COMMENTS = YES;
				CLANG_WARN_EMPTY_BODY = YES;
				CLANG_WARN_ENUM_CONVERSION = YES;
				CLANG_WARN_INFINITE_RECURSION = YES;
				CLANG_WARN_INT_CONVERSION = YES;
				CLANG_WARN_NON_LITERAL_NULL_CONVERSION = YES;
				CLANG_WARN_OBJC_IMPLICIT_RETAIN_SELF = YES;
				CLANG_WARN_OBJC_LITERAL_CONVERSION = YES;
				CLANG_WARN_OBJC_ROOT_CLASS = YES_ERROR;
				CLANG_WARN_QUOTED_INCLUDE_IN_FRAMEWORK_HEADER = YES;
				CLANG_WARN_RANGE_LOOP_ANALYSIS = YES;
				CLANG_WARN_STRICT_PROTOTYPES = YES;
				CLANG_WARN_SUSPICIOUS_MOVE = YES;
				CLANG_WARN_UNGUARDED_AVAILABILITY = YES_AGGRESSIVE;
				CLANG_WARN_UNREACHABLE_CODE = YES;
				CLANG_WARN__DUPLICATE_METHOD_MATCH = YES;
				COPY_PHASE_STRIP = NO;
				DEBUG_INFORMATION_FORMAT = "dwarf-with-dsym";
				ENABLE_NS_ASSERTIONS = NO;
				ENABLE_STRICT_OBJC_MSGSEND = YES;
				GCC_C_LANGUAGE_STANDARD = gnu11;
				GCC_NO_COMMON_BLOCKS = YES;
				GCC_WARN_64_TO_32_BIT_CONVERSION = YES;
				GCC_WARN_ABOUT_RETURN_TYPE = YES_ERROR;
				GCC_WARN_UNDECLARED_SELECTOR = YES;
				GCC_WARN_UNINITIALIZED_AUTOS = YES_AGGRESSIVE;
				GCC_WARN_UNUSED_FUNCTION = YES;
				GCC_WARN_UNUSED_VARIABLE = YES;
				IPHONEOS_DEPLOYMENT_TARGET = 15.2;
				MTL_ENABLE_DEBUG_INFO = NO;
				MTL_FAST_MATH = YES;
				SDKROOT = iphoneos;
				SWIFT_COMPILATION_MODE = wholemodule;
				SWIFT_OPTIMIZATION_LEVEL = "-O";
				VALIDATE_PRODUCT = YES;
			};
			name = Release;
		};
		B3EFFAE328AF7518000BFEF2 /* Debug */ = {
			isa = XCBuildConfiguration;
			buildSettings = {
				ASSETCATALOG_COMPILER_APPICON_NAME = AppIcon;
				ASSETCATALOG_COMPILER_GLOBAL_ACCENT_COLOR_NAME = AccentColor;
				CODE_SIGN_STYLE = Automatic;
				CURRENT_PROJECT_VERSION = 1;
				DEVELOPMENT_ASSET_PATHS = "\"TryCountries/Preview Content\"";
				DEVELOPMENT_TEAM = 3VFN5926F6;
				ENABLE_PREVIEWS = YES;
				GENERATE_INFOPLIST_FILE = YES;
				INFOPLIST_KEY_UIApplicationSceneManifest_Generation = YES;
				INFOPLIST_KEY_UIApplicationSupportsIndirectInputEvents = YES;
				INFOPLIST_KEY_UILaunchScreen_Generation = YES;
				INFOPLIST_KEY_UISupportedInterfaceOrientations_iPad = "UIInterfaceOrientationPortrait UIInterfaceOrientationPortraitUpsideDown UIInterfaceOrientationLandscapeLeft UIInterfaceOrientationLandscapeRight";
				INFOPLIST_KEY_UISupportedInterfaceOrientations_iPhone = "UIInterfaceOrientationPortrait UIInterfaceOrientationLandscapeLeft UIInterfaceOrientationLandscapeRight";
				LD_RUNPATH_SEARCH_PATHS = (
					"$(inherited)",
					"@executable_path/Frameworks",
				);
				MARKETING_VERSION = 1.0;
				PRODUCT_BUNDLE_IDENTIFIER = com.senakurtak.TryCountries;
				PRODUCT_NAME = "$(TARGET_NAME)";
				SWIFT_EMIT_LOC_STRINGS = YES;
				SWIFT_VERSION = 5.0;
				TARGETED_DEVICE_FAMILY = "1,2";
			};
			name = Debug;
		};
		B3EFFAE428AF7518000BFEF2 /* Release */ = {
			isa = XCBuildConfiguration;
			buildSettings = {
				ASSETCATALOG_COMPILER_APPICON_NAME = AppIcon;
				ASSETCATALOG_COMPILER_GLOBAL_ACCENT_COLOR_NAME = AccentColor;
				CODE_SIGN_STYLE = Automatic;
				CURRENT_PROJECT_VERSION = 1;
				DEVELOPMENT_ASSET_PATHS = "\"TryCountries/Preview Content\"";
				DEVELOPMENT_TEAM = 3VFN5926F6;
				ENABLE_PREVIEWS = YES;
				GENERATE_INFOPLIST_FILE = YES;
				INFOPLIST_KEY_UIApplicationSceneManifest_Generation = YES;
				INFOPLIST_KEY_UIApplicationSupportsIndirectInputEvents = YES;
				INFOPLIST_KEY_UILaunchScreen_Generation = YES;
				INFOPLIST_KEY_UISupportedInterfaceOrientations_iPad = "UIInterfaceOrientationPortrait UIInterfaceOrientationPortraitUpsideDown UIInterfaceOrientationLandscapeLeft UIInterfaceOrientationLandscapeRight";
				INFOPLIST_KEY_UISupportedInterfaceOrientations_iPhone = "UIInterfaceOrientationPortrait UIInterfaceOrientationLandscapeLeft UIInterfaceOrientationLandscapeRight";
				LD_RUNPATH_SEARCH_PATHS = (
					"$(inherited)",
					"@executable_path/Frameworks",
				);
				MARKETING_VERSION = 1.0;
				PRODUCT_BUNDLE_IDENTIFIER = com.senakurtak.TryCountries;
				PRODUCT_NAME = "$(TARGET_NAME)";
				SWIFT_EMIT_LOC_STRINGS = YES;
				SWIFT_VERSION = 5.0;
				TARGETED_DEVICE_FAMILY = "1,2";
			};
			name = Release;
		};
/* End XCBuildConfiguration section */

/* Begin XCConfigurationList section */
		B3EFFACF28AF7515000BFEF2 /* Build configuration list for PBXProject "TryCountries" */ = {
			isa = XCConfigurationList;
			buildConfigurations = (
				B3EFFAE028AF7518000BFEF2 /* Debug */,
				B3EFFAE128AF7518000BFEF2 /* Release */,
			);
			defaultConfigurationIsVisible = 0;
			defaultConfigurationName = Release;
		};
		B3EFFAE228AF7518000BFEF2 /* Build configuration list for PBXNativeTarget "TryCountries" */ = {
			isa = XCConfigurationList;
			buildConfigurations = (
				B3EFFAE328AF7518000BFEF2 /* Debug */,
				B3EFFAE428AF7518000BFEF2 /* Release */,
			);
			defaultConfigurationIsVisible = 0;
			defaultConfigurationName = Release;
		};
/* End XCConfigurationList section */
	};
	rootObject = B3EFFACC28AF7515000BFEF2 /* Project object */;
}
