// !$*UTF8*$!
{
	archiveVersion = 1;
	classes = {
	};
	objectVersion = 55;
	objects = {

/* Begin PBXBuildFile section */
		B30C5EEE2863B2A300114574 /* TabView.swift in Sources */ = {isa = PBXBuildFile; fileRef = B30C5EED2863B2A300114574 /* TabView.swift */; };
		B359F91B28624C3E002AE4C5 /* TipDetailScreen.swift in Sources */ = {isa = PBXBuildFile; fileRef = B359F91A28624C3E002AE4C5 /* TipDetailScreen.swift */; };
		B375C2892860F8B1008A44FB /* TipsModel.swift in Sources */ = {isa = PBXBuildFile; fileRef = B375C2882860F8B1008A44FB /* TipsModel.swift */; };
		B375C28B2860F953008A44FB /* TipScreen.swift in Sources */ = {isa = PBXBuildFile; fileRef = B375C28A2860F953008A44FB /* TipScreen.swift */; };
		B375C2902860FA17008A44FB /* TipRepository.swift in Sources */ = {isa = PBXBuildFile; fileRef = B375C28F2860FA17008A44FB /* TipRepository.swift */; };
		B375C2932860FA3B008A44FB /* Alamofire in Frameworks */ = {isa = PBXBuildFile; productRef = B375C2922860FA3B008A44FB /* Alamofire */; };
		B375C29628623902008A44FB /* HomeScreenTip.swift in Sources */ = {isa = PBXBuildFile; fileRef = B375C29528623902008A44FB /* HomeScreenTip.swift */; };
		B3993D96285F84A4001073AC /* TipAlamofireApp.swift in Sources */ = {isa = PBXBuildFile; fileRef = B3993D95285F84A4001073AC /* TipAlamofireApp.swift */; };
		B3993D98285F84A4001073AC /* ContentView.swift in Sources */ = {isa = PBXBuildFile; fileRef = B3993D97285F84A4001073AC /* ContentView.swift */; };
		B3993D9A285F84A6001073AC /* Assets.xcassets in Resources */ = {isa = PBXBuildFile; fileRef = B3993D99285F84A6001073AC /* Assets.xcassets */; };
		B3993D9D285F84A6001073AC /* Preview Assets.xcassets in Resources */ = {isa = PBXBuildFile; fileRef = B3993D9C285F84A6001073AC /* Preview Assets.xcassets */; };
/* End PBXBuildFile section */

/* Begin PBXFileReference section */
		B30C5EED2863B2A300114574 /* TabView.swift */ = {isa = PBXFileReference; lastKnownFileType = sourcecode.swift; path = TabView.swift; sourceTree = "<group>"; };
		B359F91A28624C3E002AE4C5 /* TipDetailScreen.swift */ = {isa = PBXFileReference; lastKnownFileType = sourcecode.swift; path = TipDetailScreen.swift; sourceTree = "<group>"; };
		B375C2882860F8B1008A44FB /* TipsModel.swift */ = {isa = PBXFileReference; lastKnownFileType = sourcecode.swift; path = TipsModel.swift; sourceTree = "<group>"; };
		B375C28A2860F953008A44FB /* TipScreen.swift */ = {isa = PBXFileReference; lastKnownFileType = sourcecode.swift; path = TipScreen.swift; sourceTree = "<group>"; };
		B375C28F2860FA17008A44FB /* TipRepository.swift */ = {isa = PBXFileReference; lastKnownFileType = sourcecode.swift; path = TipRepository.swift; sourceTree = "<group>"; };
		B375C29528623902008A44FB /* HomeScreenTip.swift */ = {isa = PBXFileReference; lastKnownFileType = sourcecode.swift; path = HomeScreenTip.swift; sourceTree = "<group>"; };
		B3993D92285F84A4001073AC /* TipAlamofire.app */ = {isa = PBXFileReference; explicitFileType = wrapper.application; includeInIndex = 0; path = TipAlamofire.app; sourceTree = BUILT_PRODUCTS_DIR; };
		B3993D95285F84A4001073AC /* TipAlamofireApp.swift */ = {isa = PBXFileReference; lastKnownFileType = sourcecode.swift; path = TipAlamofireApp.swift; sourceTree = "<group>"; };
		B3993D97285F84A4001073AC /* ContentView.swift */ = {isa = PBXFileReference; lastKnownFileType = sourcecode.swift; path = ContentView.swift; sourceTree = "<group>"; };
		B3993D99285F84A6001073AC /* Assets.xcassets */ = {isa = PBXFileReference; lastKnownFileType = folder.assetcatalog; path = Assets.xcassets; sourceTree = "<group>"; };
		B3993D9C285F84A6001073AC /* Preview Assets.xcassets */ = {isa = PBXFileReference; lastKnownFileType = folder.assetcatalog; path = "Preview Assets.xcassets"; sourceTree = "<group>"; };
/* End PBXFileReference section */

/* Begin PBXFrameworksBuildPhase section */
		B3993D8F285F84A4001073AC /* Frameworks */ = {
			isa = PBXFrameworksBuildPhase;
			buildActionMask = 2147483647;
			files = (
				B375C2932860FA3B008A44FB /* Alamofire in Frameworks */,
			);
			runOnlyForDeploymentPostprocessing = 0;
		};
/* End PBXFrameworksBuildPhase section */

/* Begin PBXGroup section */
		B30C5EEC2863B26B00114574 /* TabView */ = {
			isa = PBXGroup;
			children = (
				B30C5EED2863B2A300114574 /* TabView.swift */,
			);
			path = TabView;
			sourceTree = "<group>";
		};
		B359F91928624C1D002AE4C5 /* TipDetailScreen */ = {
			isa = PBXGroup;
			children = (
				B359F91A28624C3E002AE4C5 /* TipDetailScreen.swift */,
			);
			path = TipDetailScreen;
			sourceTree = "<group>";
		};
		B375C28C2860F9DE008A44FB /* Models */ = {
			isa = PBXGroup;
			children = (
				B375C2882860F8B1008A44FB /* TipsModel.swift */,
			);
			path = Models;
			sourceTree = "<group>";
		};
		B375C28D2860F9E9008A44FB /* Screens */ = {
			isa = PBXGroup;
			children = (
				B375C28A2860F953008A44FB /* TipScreen.swift */,
			);
			path = Screens;
			sourceTree = "<group>";
		};
		B375C28E2860F9F4008A44FB /* Network */ = {
			isa = PBXGroup;
			children = (
				B375C28F2860FA17008A44FB /* TipRepository.swift */,
			);
			path = Network;
			sourceTree = "<group>";
		};
		B375C294286238EE008A44FB /* HomeScreen */ = {
			isa = PBXGroup;
			children = (
				B375C29528623902008A44FB /* HomeScreenTip.swift */,
			);
			path = HomeScreen;
			sourceTree = "<group>";
		};
		B3993D89285F84A4001073AC = {
			isa = PBXGroup;
			children = (
				B3993D94285F84A4001073AC /* TipAlamofire */,
				B3993D93285F84A4001073AC /* Products */,
			);
			sourceTree = "<group>";
		};
		B3993D93285F84A4001073AC /* Products */ = {
			isa = PBXGroup;
			children = (
				B3993D92285F84A4001073AC /* TipAlamofire.app */,
			);
			name = Products;
			sourceTree = "<group>";
		};
		B3993D94285F84A4001073AC /* TipAlamofire */ = {
			isa = PBXGroup;
			children = (
				B30C5EEC2863B26B00114574 /* TabView */,
				B359F91928624C1D002AE4C5 /* TipDetailScreen */,
				B375C294286238EE008A44FB /* HomeScreen */,
				B375C28E2860F9F4008A44FB /* Network */,
				B375C28D2860F9E9008A44FB /* Screens */,
				B375C28C2860F9DE008A44FB /* Models */,
				B3993D95285F84A4001073AC /* TipAlamofireApp.swift */,
				B3993D97285F84A4001073AC /* ContentView.swift */,
				B3993D99285F84A6001073AC /* Assets.xcassets */,
				B3993D9B285F84A6001073AC /* Preview Content */,
			);
			path = TipAlamofire;
			sourceTree = "<group>";
		};
		B3993D9B285F84A6001073AC /* Preview Content */ = {
			isa = PBXGroup;
			children = (
				B3993D9C285F84A6001073AC /* Preview Assets.xcassets */,
			);
			path = "Preview Content";
			sourceTree = "<group>";
		};
/* End PBXGroup section */

/* Begin PBXNativeTarget section */
		B3993D91285F84A4001073AC /* TipAlamofire */ = {
			isa = PBXNativeTarget;
			buildConfigurationList = B3993DA0285F84A6001073AC /* Build configuration list for PBXNativeTarget "TipAlamofire" */;
			buildPhases = (
				B3993D8E285F84A4001073AC /* Sources */,
				B3993D8F285F84A4001073AC /* Frameworks */,
				B3993D90285F84A4001073AC /* Resources */,
			);
			buildRules = (
			);
			dependencies = (
			);
			name = TipAlamofire;
			packageProductDependencies = (
				B375C2922860FA3B008A44FB /* Alamofire */,
			);
			productName = TipAlamofire;
			productReference = B3993D92285F84A4001073AC /* TipAlamofire.app */;
			productType = "com.apple.product-type.application";
		};
/* End PBXNativeTarget section */

/* Begin PBXProject section */
		B3993D8A285F84A4001073AC /* Project object */ = {
			isa = PBXProject;
			attributes = {
				BuildIndependentTargetsInParallel = 1;
				LastSwiftUpdateCheck = 1320;
				LastUpgradeCheck = 1320;
				TargetAttributes = {
					B3993D91285F84A4001073AC = {
						CreatedOnToolsVersion = 13.2.1;
					};
				};
			};
			buildConfigurationList = B3993D8D285F84A4001073AC /* Build configuration list for PBXProject "TipAlamofire" */;
			compatibilityVersion = "Xcode 13.0";
			developmentRegion = en;
			hasScannedForEncodings = 0;
			knownRegions = (
				en,
				Base,
			);
			mainGroup = B3993D89285F84A4001073AC;
			packageReferences = (
				B375C2912860FA3B008A44FB /* XCRemoteSwiftPackageReference "Alamofire" */,
			);
			productRefGroup = B3993D93285F84A4001073AC /* Products */;
			projectDirPath = "";
			projectRoot = "";
			targets = (
				B3993D91285F84A4001073AC /* TipAlamofire */,
			);
		};
/* End PBXProject section */

/* Begin PBXResourcesBuildPhase section */
		B3993D90285F84A4001073AC /* Resources */ = {
			isa = PBXResourcesBuildPhase;
			buildActionMask = 2147483647;
			files = (
				B3993D9D285F84A6001073AC /* Preview Assets.xcassets in Resources */,
				B3993D9A285F84A6001073AC /* Assets.xcassets in Resources */,
			);
			runOnlyForDeploymentPostprocessing = 0;
		};
/* End PBXResourcesBuildPhase section */

/* Begin PBXSourcesBuildPhase section */
		B3993D8E285F84A4001073AC /* Sources */ = {
			isa = PBXSourcesBuildPhase;
			buildActionMask = 2147483647;
			files = (
				B375C2902860FA17008A44FB /* TipRepository.swift in Sources */,
				B359F91B28624C3E002AE4C5 /* TipDetailScreen.swift in Sources */,
				B30C5EEE2863B2A300114574 /* TabView.swift in Sources */,
				B3993D98285F84A4001073AC /* ContentView.swift in Sources */,
				B375C29628623902008A44FB /* HomeScreenTip.swift in Sources */,
				B3993D96285F84A4001073AC /* TipAlamofireApp.swift in Sources */,
				B375C2892860F8B1008A44FB /* TipsModel.swift in Sources */,
				B375C28B2860F953008A44FB /* TipScreen.swift in Sources */,
			);
			runOnlyForDeploymentPostprocessing = 0;
		};
/* End PBXSourcesBuildPhase section */

/* Begin XCBuildConfiguration section */
		B3993D9E285F84A6001073AC /* Debug */ = {
			isa = XCBuildConfiguration;
			buildSettings = {
				ALWAYS_SEARCH_USER_PATHS = NO;
				CLANG_ANALYZER_NONNULL = YES;
				CLANG_ANALYZER_NUMBER_OBJECT_CONVERSION = YES_AGGRESSIVE;
				CLANG_CXX_LANGUAGE_STANDARD = "gnu++17";
				CLANG_CXX_LIBRARY = "libc++";
				CLANG_ENABLE_MODULES = YES;
				CLANG_ENABLE_OBJC_ARC = YES;
				CLANG_ENABLE_OBJC_WEAK = YES;
				CLANG_WARN_BLOCK_CAPTURE_AUTORELEASING = YES;
				CLANG_WARN_BOOL_CONVERSION = YES;
				CLANG_WARN_COMMA = YES;
				CLANG_WARN_CONSTANT_CONVERSION = YES;
				CLANG_WARN_DEPRECATED_OBJC_IMPLEMENTATIONS = YES;
				CLANG_WARN_DIRECT_OBJC_ISA_USAGE = YES_ERROR;
				CLANG_WARN_DOCUMENTATION_COMMENTS = YES;
				CLANG_WARN_EMPTY_BODY = YES;
				CLANG_WARN_ENUM_CONVERSION = YES;
				CLANG_WARN_INFINITE_RECURSION = YES;
				CLANG_WARN_INT_CONVERSION = YES;
				CLANG_WARN_NON_LITERAL_NULL_CONVERSION = YES;
				CLANG_WARN_OBJC_IMPLICIT_RETAIN_SELF = YES;
				CLANG_WARN_OBJC_LITERAL_CONVERSION = YES;
				CLANG_WARN_OBJC_ROOT_CLASS = YES_ERROR;
				CLANG_WARN_QUOTED_INCLUDE_IN_FRAMEWORK_HEADER = YES;
				CLANG_WARN_RANGE_LOOP_ANALYSIS = YES;
				CLANG_WARN_STRICT_PROTOTYPES = YES;
				CLANG_WARN_SUSPICIOUS_MOVE = YES;
				CLANG_WARN_UNGUARDED_AVAILABILITY = YES_AGGRESSIVE;
				CLANG_WARN_UNREACHABLE_CODE = YES;
				CLANG_WARN__DUPLICATE_METHOD_MATCH = YES;
				COPY_PHASE_STRIP = NO;
				DEBUG_INFORMATION_FORMAT = dwarf;
				ENABLE_STRICT_OBJC_MSGSEND = YES;
				ENABLE_TESTABILITY = YES;
				GCC_C_LANGUAGE_STANDARD = gnu11;
				GCC_DYNAMIC_NO_PIC = NO;
				GCC_NO_COMMON_BLOCKS = YES;
				GCC_OPTIMIZATION_LEVEL = 0;
				GCC_PREPROCESSOR_DEFINITIONS = (
					"DEBUG=1",
					"$(inherited)",
				);
				GCC_WARN_64_TO_32_BIT_CONVERSION = YES;
				GCC_WARN_ABOUT_RETURN_TYPE = YES_ERROR;
				GCC_WARN_UNDECLARED_SELECTOR = YES;
				GCC_WARN_UNINITIALIZED_AUTOS = YES_AGGRESSIVE;
				GCC_WARN_UNUSED_FUNCTION = YES;
				GCC_WARN_UNUSED_VARIABLE = YES;
				IPHONEOS_DEPLOYMENT_TARGET = 15.2;
				MTL_ENABLE_DEBUG_INFO = INCLUDE_SOURCE;
				MTL_FAST_MATH = YES;
				ONLY_ACTIVE_ARCH = YES;
				SDKROOT = iphoneos;
				SWIFT_ACTIVE_COMPILATION_CONDITIONS = DEBUG;
				SWIFT_OPTIMIZATION_LEVEL = "-Onone";
			};
			name = Debug;
		};
		B3993D9F285F84A6001073AC /* Release */ = {
			isa = XCBuildConfiguration;
			buildSettings = {
				ALWAYS_SEARCH_USER_PATHS = NO;
				CLANG_ANALYZER_NONNULL = YES;
				CLANG_ANALYZER_NUMBER_OBJECT_CONVERSION = YES_AGGRESSIVE;
				CLANG_CXX_LANGUAGE_STANDARD = "gnu++17";
				CLANG_CXX_LIBRARY = "libc++";
				CLANG_ENABLE_MODULES = YES;
				CLANG_ENABLE_OBJC_ARC = YES;
				CLANG_ENABLE_OBJC_WEAK = YES;
				CLANG_WARN_BLOCK_CAPTURE_AUTORELEASING = YES;
				CLANG_WARN_BOOL_CONVERSION = YES;
				CLANG_WARN_COMMA = YES;
				CLANG_WARN_CONSTANT_CONVERSION = YES;
				CLANG_WARN_DEPRECATED_OBJC_IMPLEMENTATIONS = YES;
				CLANG_WARN_DIRECT_OBJC_ISA_USAGE = YES_ERROR;
				CLANG_WARN_DOCUMENTATION_COMMENTS = YES;
				CLANG_WARN_EMPTY_BODY = YES;
				CLANG_WARN_ENUM_CONVERSION = YES;
				CLANG_WARN_INFINITE_RECURSION = YES;
				CLANG_WARN_INT_CONVERSION = YES;
				CLANG_WARN_NON_LITERAL_NULL_CONVERSION = YES;
				CLANG_WARN_OBJC_IMPLICIT_RETAIN_SELF = YES;
				CLANG_WARN_OBJC_LITERAL_CONVERSION = YES;
				CLANG_WARN_OBJC_ROOT_CLASS = YES_ERROR;
				CLANG_WARN_QUOTED_INCLUDE_IN_FRAMEWORK_HEADER = YES;
				CLANG_WARN_RANGE_LOOP_ANALYSIS = YES;
				CLANG_WARN_STRICT_PROTOTYPES = YES;
				CLANG_WARN_SUSPICIOUS_MOVE = YES;
				CLANG_WARN_UNGUARDED_AVAILABILITY = YES_AGGRESSIVE;
				CLANG_WARN_UNREACHABLE_CODE = YES;
				CLANG_WARN__DUPLICATE_METHOD_MATCH = YES;
				COPY_PHASE_STRIP = NO;
				DEBUG_INFORMATION_FORMAT = "dwarf-with-dsym";
				ENABLE_NS_ASSERTIONS = NO;
				ENABLE_STRICT_OBJC_MSGSEND = YES;
				GCC_C_LANGUAGE_STANDARD = gnu11;
				GCC_NO_COMMON_BLOCKS = YES;
				GCC_WARN_64_TO_32_BIT_CONVERSION = YES;
				GCC_WARN_ABOUT_RETURN_TYPE = YES_ERROR;
				GCC_WARN_UNDECLARED_SELECTOR = YES;
				GCC_WARN_UNINITIALIZED_AUTOS = YES_AGGRESSIVE;
				GCC_WARN_UNUSED_FUNCTION = YES;
				GCC_WARN_UNUSED_VARIABLE = YES;
				IPHONEOS_DEPLOYMENT_TARGET = 15.2;
				MTL_ENABLE_DEBUG_INFO = NO;
				MTL_FAST_MATH = YES;
				SDKROOT = iphoneos;
				SWIFT_COMPILATION_MODE = wholemodule;
				SWIFT_OPTIMIZATION_LEVEL = "-O";
				VALIDATE_PRODUCT = YES;
			};
			name = Release;
		};
		B3993DA1285F84A6001073AC /* Debug */ = {
			isa = XCBuildConfiguration;
			buildSettings = {
				ASSETCATALOG_COMPILER_APPICON_NAME = AppIcon;
				ASSETCATALOG_COMPILER_GLOBAL_ACCENT_COLOR_NAME = AccentColor;
				CODE_SIGN_STYLE = Automatic;
				CURRENT_PROJECT_VERSION = 1;
				DEVELOPMENT_ASSET_PATHS = "\"TipAlamofire/Preview Content\"";
				DEVELOPMENT_TEAM = 3VFN5926F6;
				ENABLE_PREVIEWS = YES;
				GENERATE_INFOPLIST_FILE = YES;
				INFOPLIST_KEY_UIApplicationSceneManifest_Generation = YES;
				INFOPLIST_KEY_UIApplicationSupportsIndirectInputEvents = YES;
				INFOPLIST_KEY_UILaunchScreen_Generation = YES;
				INFOPLIST_KEY_UISupportedInterfaceOrientations_iPad = "UIInterfaceOrientationPortrait UIInterfaceOrientationPortraitUpsideDown UIInterfaceOrientationLandscapeLeft UIInterfaceOrientationLandscapeRight";
				INFOPLIST_KEY_UISupportedInterfaceOrientations_iPhone = "UIInterfaceOrientationPortrait UIInterfaceOrientationLandscapeLeft UIInterfaceOrientationLandscapeRight";
				LD_RUNPATH_SEARCH_PATHS = (
					"$(inherited)",
					"@executable_path/Frameworks",
				);
				MARKETING_VERSION = 1.0;
				PRODUCT_BUNDLE_IDENTIFIER = com.senakurtak.TipAlamofire;
				PRODUCT_NAME = "$(TARGET_NAME)";
				SWIFT_EMIT_LOC_STRINGS = YES;
				SWIFT_VERSION = 5.0;
				TARGETED_DEVICE_FAMILY = "1,2";
			};
			name = Debug;
		};
		B3993DA2285F84A6001073AC /* Release */ = {
			isa = XCBuildConfiguration;
			buildSettings = {
				ASSETCATALOG_COMPILER_APPICON_NAME = AppIcon;
				ASSETCATALOG_COMPILER_GLOBAL_ACCENT_COLOR_NAME = AccentColor;
				CODE_SIGN_STYLE = Automatic;
				CURRENT_PROJECT_VERSION = 1;
				DEVELOPMENT_ASSET_PATHS = "\"TipAlamofire/Preview Content\"";
				DEVELOPMENT_TEAM = 3VFN5926F6;
				ENABLE_PREVIEWS = YES;
				GENERATE_INFOPLIST_FILE = YES;
				INFOPLIST_KEY_UIApplicationSceneManifest_Generation = YES;
				INFOPLIST_KEY_UIApplicationSupportsIndirectInputEvents = YES;
				INFOPLIST_KEY_UILaunchScreen_Generation = YES;
				INFOPLIST_KEY_UISupportedInterfaceOrientations_iPad = "UIInterfaceOrientationPortrait UIInterfaceOrientationPortraitUpsideDown UIInterfaceOrientationLandscapeLeft UIInterfaceOrientationLandscapeRight";
				INFOPLIST_KEY_UISupportedInterfaceOrientations_iPhone = "UIInterfaceOrientationPortrait UIInterfaceOrientationLandscapeLeft UIInterfaceOrientationLandscapeRight";
				LD_RUNPATH_SEARCH_PATHS = (
					"$(inherited)",
					"@executable_path/Frameworks",
				);
				MARKETING_VERSION = 1.0;
				PRODUCT_BUNDLE_IDENTIFIER = com.senakurtak.TipAlamofire;
				PRODUCT_NAME = "$(TARGET_NAME)";
				SWIFT_EMIT_LOC_STRINGS = YES;
				SWIFT_VERSION = 5.0;
				TARGETED_DEVICE_FAMILY = "1,2";
			};
			name = Release;
		};
/* End XCBuildConfiguration section */

/* Begin XCConfigurationList section */
		B3993D8D285F84A4001073AC /* Build configuration list for PBXProject "TipAlamofire" */ = {
			isa = XCConfigurationList;
			buildConfigurations = (
				B3993D9E285F84A6001073AC /* Debug */,
				B3993D9F285F84A6001073AC /* Release */,
			);
			defaultConfigurationIsVisible = 0;
			defaultConfigurationName = Release;
		};
		B3993DA0285F84A6001073AC /* Build configuration list for PBXNativeTarget "TipAlamofire" */ = {
			isa = XCConfigurationList;
			buildConfigurations = (
				B3993DA1285F84A6001073AC /* Debug */,
				B3993DA2285F84A6001073AC /* Release */,
			);
			defaultConfigurationIsVisible = 0;
			defaultConfigurationName = Release;
		};
/* End XCConfigurationList section */

/* Begin XCRemoteSwiftPackageReference section */
		B375C2912860FA3B008A44FB /* XCRemoteSwiftPackageReference "Alamofire" */ = {
			isa = XCRemoteSwiftPackageReference;
			repositoryURL = "https://github.com/Alamofire/Alamofire";
			requirement = {
				branch = master;
				kind = branch;
			};
		};
/* End XCRemoteSwiftPackageReference section */

/* Begin XCSwiftPackageProductDependency section */
		B375C2922860FA3B008A44FB /* Alamofire */ = {
			isa = XCSwiftPackageProductDependency;
			package = B375C2912860FA3B008A44FB /* XCRemoteSwiftPackageReference "Alamofire" */;
			productName = Alamofire;
		};
/* End XCSwiftPackageProductDependency section */
	};
	rootObject = B3993D8A285F84A4001073AC /* Project object */;
}
